{
  "name": "readbook",
  "version": "1.0.0",
  "lockfileVersion": 1,
  "requires": true,
  "dependencies": {
    "ckeditor": {
      "version": "4.9.2",
      "resolved": "https://registry.npmjs.org/ckeditor/-/ckeditor-4.9.2.tgz",
      "integrity": "sha1-OFYAy0Ao4AVcknIOIkNbuX9BPNw="
    },
    "clusterize": {
      "version": "0.1.2",
      "resolved": "https://registry.npmjs.org/clusterize/-/clusterize-0.1.2.tgz",
      "integrity": "sha1-X9lCw5EvSF9Y/CQPm2QU96JlM8U="
    },
    "clusterize.js": {
      "version": "0.18.1",
      "resolved": "https://registry.npmjs.org/clusterize.js/-/clusterize.js-0.18.1.tgz",
      "integrity": "sha512-UsLhW2lG3TaTnE8LI7ninvovua3FLrlsbksb9uzx0fVzzV2WFScO5FU/4yFwdM8RW8iuYVWFraBpDjsosReFlg=="
    },
    "jquery": {
      "version": "3.3.1",
      "resolved": "https://registry.npmjs.org/jquery/-/jquery-3.3.1.tgz",
      "integrity": "sha512-Ubldcmxp5np52/ENotGxlLe6aGMvmF4R8S6tZjsP6Knsaxd/xp3Zrh50cG93lR6nPXyUFwzN3ZSOQI0wRJNdGg=="
    },
    "money": {
      "version": "0.2.0",
      "resolved": "https://registry.npmjs.org/money/-/money-0.2.0.tgz",
      "integrity": "sha1-fq2i3xAJ35NfoY1PsdYg3azOAsI="
    },
    "pdfviewer": {
      "version": "1.1.0",
      "resolved": "https://registry.npmjs.org/pdfviewer/-/pdfviewer-1.1.0.tgz",
      "integrity": "sha512-rFOBGSNTZa7Fl/20nEdPB1o09cHfcDYOpKfQe+IgZO19McO/epJeQN2qBdnbRTAFGLgoryPSzmCWHroSjfZduw=="
    },
    "uniq": {
      "version": "1.0.1",
      "resolved": "https://registry.npmjs.org/uniq/-/uniq-1.0.1.tgz",
      "integrity": "sha1-sxxa6CVIRKOoKBVBzisEuGWnNP8="
    }
  }
}
